{
  "name": "fitjacket",
  "lockfileVersion": 3,
  "requires": true,
  "packages": {
    "": {
      "dependencies": {
        "@canvasjs/charts": "^3.12.11"
      }
    },
    "node_modules/@canvasjs/charts": {
      "version": "3.12.11",
      "resolved": "https://registry.npmjs.org/@canvasjs/charts/-/charts-3.12.11.tgz",
      "integrity": "sha512-CDQ/TPxA3QYCBDn7fu1NYLTYDov2zXytKQ03Ec9LjFPIXLdrZngWmegx1U8RUG54ynSLTH+u+IGDpNWK6nspbQ==",
      "license": "SEE LICENSE IN <LICENSE>"
    }
  }
}
